
Microsoft Visual Studio Solution File, Format Version 12.00
# Visual Studio 15
VisualStudioVersion = 15.0.28307.757
MinimumVisualStudioVersion = 10.0.40219.1
Project("{FAE04EC0-301F-11D3-BF4B-00C04F79EFBC}") = "admin", "admin\admin.csproj", "{029D69AC-C6D3-4D62-8DFB-0DC46C594E8E}"
EndProject
Global
	GlobalSection(SolutionConfigurationPlatforms) = preSolution
		Debug|Any CPU = Debug|Any CPU
		Release|Any CPU = Release|Any CPU
	EndGlobalSection
	GlobalSection(ProjectConfigurationPlatforms) = postSolution
		{029D69AC-C6D3-4D62-8DFB-0DC46C594E8E}.Debug|Any CPU.ActiveCfg = Debug|Any CPU
		{029D69AC-C6D3-4D62-8DFB-0DC46C594E8E}.Debug|Any CPU.Build.0 = Debug|Any CPU
		{029D69AC-C6D3-4D62-8DFB-0DC46C594E8E}.Release|Any CPU.ActiveCfg = Release|Any CPU
		{029D69AC-C6D3-4D62-8DFB-0DC46C594E8E}.Release|Any CPU.Build.0 = Release|Any CPU
	EndGlobalSection
	GlobalSection(SolutionProperties) = preSolution
		HideSolutionNode = FALSE
	EndGlobalSection
	GlobalSection(ExtensibilityGlobals) = postSolution
		SolutionGuid = {DDE75072-946A-4730-A8B8-3ECCC4D9CBE9}
	EndGlobalSection
EndGlobal
